
Microsoft Visual Studio Solution File, Format Version 12.00
# Visual Studio Version 17
VisualStudioVersion = 17.0.32014.148
MinimumVisualStudioVersion = 10.0.40219.1
Project("{9A19103F-16F7-4668-BE54-9A1E7A4F7556}") = "chess.API", "chess.API\chess.API.csproj", "{474BDCE6-D317-44E9-B28F-CB096607F371}"
EndProject
Project("{FAE04EC0-301F-11D3-BF4B-00C04F79EFBC}") = "chess.Domain", "chess.Domain\chess.Domain.csproj", "{3305C463-F0B5-4248-B63D-6B8560148F3F}"
EndProject
Project("{FAE04EC0-301F-11D3-BF4B-00C04F79EFBC}") = "chess.Application", "chess.Application\chess.Application.csproj", "{A6F32254-A02E-4051-84E7-DA06B876AC48}"
EndProject
Global
	GlobalSection(SolutionConfigurationPlatforms) = preSolution
		Debug|Any CPU = Debug|Any CPU
		Release|Any CPU = Release|Any CPU
	EndGlobalSection
	GlobalSection(ProjectConfigurationPlatforms) = postSolution
		{474BDCE6-D317-44E9-B28F-CB096607F371}.Debug|Any CPU.ActiveCfg = Debug|Any CPU
		{474BDCE6-D317-44E9-B28F-CB096607F371}.Debug|Any CPU.Build.0 = Debug|Any CPU
		{474BDCE6-D317-44E9-B28F-CB096607F371}.Release|Any CPU.ActiveCfg = Release|Any CPU
		{474BDCE6-D317-44E9-B28F-CB096607F371}.Release|Any CPU.Build.0 = Release|Any CPU
		{3305C463-F0B5-4248-B63D-6B8560148F3F}.Debug|Any CPU.ActiveCfg = Debug|Any CPU
		{3305C463-F0B5-4248-B63D-6B8560148F3F}.Debug|Any CPU.Build.0 = Debug|Any CPU
		{3305C463-F0B5-4248-B63D-6B8560148F3F}.Release|Any CPU.ActiveCfg = Release|Any CPU
		{3305C463-F0B5-4248-B63D-6B8560148F3F}.Release|Any CPU.Build.0 = Release|Any CPU
		{A6F32254-A02E-4051-84E7-DA06B876AC48}.Debug|Any CPU.ActiveCfg = Debug|Any CPU
		{A6F32254-A02E-4051-84E7-DA06B876AC48}.Debug|Any CPU.Build.0 = Debug|Any CPU
		{A6F32254-A02E-4051-84E7-DA06B876AC48}.Release|Any CPU.ActiveCfg = Release|Any CPU
		{A6F32254-A02E-4051-84E7-DA06B876AC48}.Release|Any CPU.Build.0 = Release|Any CPU
	EndGlobalSection
	GlobalSection(SolutionProperties) = preSolution
		HideSolutionNode = FALSE
	EndGlobalSection
	GlobalSection(ExtensibilityGlobals) = postSolution
		SolutionGuid = {E86C21F9-131B-49C7-886D-3B1180129520}
	EndGlobalSection
EndGlobal
